
Microsoft Visual Studio Solution File, Format Version 11.00
# Visual Studio 2010
Project("{FAE04EC0-301F-11D3-BF4B-00C04F79EFBC}") = "LMNTRIX", "Assembly-CSharp.csproj", "{BCF13B2F-7F5E-8DB0-E1A6-10EABE2F7C31}"
EndProject
Project("{FAE04EC0-301F-11D3-BF4B-00C04F79EFBC}") = "LMNTRIX", "Assembly-CSharp-Editor.csproj", "{EB622E2A-D8CF-93AE-A62F-AC8C5A77E3CA}"
EndProject
Global
	GlobalSection(SolutionConfigurationPlatforms) = preSolution
		Debug|Any CPU = Debug|Any CPU
		Release|Any CPU = Release|Any CPU
	EndGlobalSection
	GlobalSection(ProjectConfigurationPlatforms) = postSolution
		{BCF13B2F-7F5E-8DB0-E1A6-10EABE2F7C31}.Debug|Any CPU.ActiveCfg = Debug|Any CPU
		{BCF13B2F-7F5E-8DB0-E1A6-10EABE2F7C31}.Debug|Any CPU.Build.0 = Debug|Any CPU
		{BCF13B2F-7F5E-8DB0-E1A6-10EABE2F7C31}.Release|Any CPU.ActiveCfg = Release|Any CPU
		{BCF13B2F-7F5E-8DB0-E1A6-10EABE2F7C31}.Release|Any CPU.Build.0 = Release|Any CPU
		{EB622E2A-D8CF-93AE-A62F-AC8C5A77E3CA}.Debug|Any CPU.ActiveCfg = Debug|Any CPU
		{EB622E2A-D8CF-93AE-A62F-AC8C5A77E3CA}.Debug|Any CPU.Build.0 = Debug|Any CPU
		{EB622E2A-D8CF-93AE-A62F-AC8C5A77E3CA}.Release|Any CPU.ActiveCfg = Release|Any CPU
		{EB622E2A-D8CF-93AE-A62F-AC8C5A77E3CA}.Release|Any CPU.Build.0 = Release|Any CPU
	EndGlobalSection
	GlobalSection(SolutionProperties) = preSolution
		HideSolutionNode = FALSE
	EndGlobalSection
	GlobalSection(MonoDevelopProperties) = preSolution
		StartupItem = Assembly-CSharp.csproj
	EndGlobalSection
EndGlobal
